Microsoft Visual Studio Solution File, Format Version 11.00
# Visual Studio 2008

Project("{418B94B0-8A50-31AD-2294-AFA92EDB337D}") = "Proc Gen E09", "Assembly-CSharp.csproj", "{CF2B406C-68FD-4A1B-C7F6-51CB399BE80E}"
EndProject
Project("{418B94B0-8A50-31AD-2294-AFA92EDB337D}") = "Proc Gen E09", "Assembly-CSharp-Editor.csproj", "{62713210-9D50-8FCE-678C-9BAD4024BE28}"
EndProject
Global
	GlobalSection(SolutionConfigurationPlatforms) = preSolution
		Debug|Any CPU = Debug|Any CPU
		Release|Any CPU = Release|Any CPU
	EndGlobalSection
	GlobalSection(ProjectConfigurationPlatforms) = postSolution
		{CF2B406C-68FD-4A1B-C7F6-51CB399BE80E}.Debug|Any CPU.ActiveCfg = Debug|Any CPU
		{CF2B406C-68FD-4A1B-C7F6-51CB399BE80E}.Debug|Any CPU.Build.0 = Debug|Any CPU
		{CF2B406C-68FD-4A1B-C7F6-51CB399BE80E}.Release|Any CPU.ActiveCfg = Release|Any CPU
		{CF2B406C-68FD-4A1B-C7F6-51CB399BE80E}.Release|Any CPU.Build.0 = Release|Any CPU
		{62713210-9D50-8FCE-678C-9BAD4024BE28}.Debug|Any CPU.ActiveCfg = Debug|Any CPU
		{62713210-9D50-8FCE-678C-9BAD4024BE28}.Debug|Any CPU.Build.0 = Debug|Any CPU
		{62713210-9D50-8FCE-678C-9BAD4024BE28}.Release|Any CPU.ActiveCfg = Release|Any CPU
		{62713210-9D50-8FCE-678C-9BAD4024BE28}.Release|Any CPU.Build.0 = Release|Any CPU
	EndGlobalSection
	GlobalSection(SolutionProperties) = preSolution
		HideSolutionNode = FALSE
	EndGlobalSection
	GlobalSection(MonoDevelopProperties) = preSolution
		StartupItem = Assembly-CSharp.csproj
	EndGlobalSection
EndGlobal
