Microsoft Visual Studio Solution File, Format Version 11.00
# Visual Studio 2008

Project("{0AB89989-ECFD-F14C-65BC-5BC85A23E6DB}") = "Proc Gen E13", "Assembly-CSharp-firstpass.csproj", "{CCA130EF-487C-C8BF-AF0B-6EBB9D5B42A0}"
EndProject
Project("{0AB89989-ECFD-F14C-65BC-5BC85A23E6DB}") = "Proc Gen E13", "Assembly-CSharp.csproj", "{2027AB6D-E487-8904-CF95-1A41C7DBBDB4}"
EndProject
Project("{0AB89989-ECFD-F14C-65BC-5BC85A23E6DB}") = "Proc Gen E13", "Assembly-CSharp-Editor.csproj", "{32FE1B4E-2D64-F5F0-321D-F6495691E7F2}"
EndProject
Global
	GlobalSection(SolutionConfigurationPlatforms) = preSolution
		Debug|Any CPU = Debug|Any CPU
		Release|Any CPU = Release|Any CPU
	EndGlobalSection
	GlobalSection(ProjectConfigurationPlatforms) = postSolution
		{CCA130EF-487C-C8BF-AF0B-6EBB9D5B42A0}.Debug|Any CPU.ActiveCfg = Debug|Any CPU
		{CCA130EF-487C-C8BF-AF0B-6EBB9D5B42A0}.Debug|Any CPU.Build.0 = Debug|Any CPU
		{CCA130EF-487C-C8BF-AF0B-6EBB9D5B42A0}.Release|Any CPU.ActiveCfg = Release|Any CPU
		{CCA130EF-487C-C8BF-AF0B-6EBB9D5B42A0}.Release|Any CPU.Build.0 = Release|Any CPU
		{2027AB6D-E487-8904-CF95-1A41C7DBBDB4}.Debug|Any CPU.ActiveCfg = Debug|Any CPU
		{2027AB6D-E487-8904-CF95-1A41C7DBBDB4}.Debug|Any CPU.Build.0 = Debug|Any CPU
		{2027AB6D-E487-8904-CF95-1A41C7DBBDB4}.Release|Any CPU.ActiveCfg = Release|Any CPU
		{2027AB6D-E487-8904-CF95-1A41C7DBBDB4}.Release|Any CPU.Build.0 = Release|Any CPU
		{32FE1B4E-2D64-F5F0-321D-F6495691E7F2}.Debug|Any CPU.ActiveCfg = Debug|Any CPU
		{32FE1B4E-2D64-F5F0-321D-F6495691E7F2}.Debug|Any CPU.Build.0 = Debug|Any CPU
		{32FE1B4E-2D64-F5F0-321D-F6495691E7F2}.Release|Any CPU.ActiveCfg = Release|Any CPU
		{32FE1B4E-2D64-F5F0-321D-F6495691E7F2}.Release|Any CPU.Build.0 = Release|Any CPU
	EndGlobalSection
	GlobalSection(SolutionProperties) = preSolution
		HideSolutionNode = FALSE
	EndGlobalSection
	GlobalSection(MonoDevelopProperties) = preSolution
		StartupItem = Assembly-CSharp.csproj
	EndGlobalSection
EndGlobal
