Microsoft Visual Studio Solution File, Format Version 11.00
# Visual Studio 2008

Project("{BCDB8EC8-BC01-321F-AA9F-9119B8CCF9E1}") = "Proc Gen E12", "Assembly-CSharp.csproj", "{51935CB7-B772-DEF0-B823-59231A05E044}"
EndProject
Project("{BCDB8EC8-BC01-321F-AA9F-9119B8CCF9E1}") = "Proc Gen E12", "Assembly-CSharp-Editor.csproj", "{F97482F1-B9D1-4AD7-D647-56AB37A52BF4}"
EndProject
Global
	GlobalSection(SolutionConfigurationPlatforms) = preSolution
		Debug|Any CPU = Debug|Any CPU
		Release|Any CPU = Release|Any CPU
	EndGlobalSection
	GlobalSection(ProjectConfigurationPlatforms) = postSolution
		{51935CB7-B772-DEF0-B823-59231A05E044}.Debug|Any CPU.ActiveCfg = Debug|Any CPU
		{51935CB7-B772-DEF0-B823-59231A05E044}.Debug|Any CPU.Build.0 = Debug|Any CPU
		{51935CB7-B772-DEF0-B823-59231A05E044}.Release|Any CPU.ActiveCfg = Release|Any CPU
		{51935CB7-B772-DEF0-B823-59231A05E044}.Release|Any CPU.Build.0 = Release|Any CPU
		{F97482F1-B9D1-4AD7-D647-56AB37A52BF4}.Debug|Any CPU.ActiveCfg = Debug|Any CPU
		{F97482F1-B9D1-4AD7-D647-56AB37A52BF4}.Debug|Any CPU.Build.0 = Debug|Any CPU
		{F97482F1-B9D1-4AD7-D647-56AB37A52BF4}.Release|Any CPU.ActiveCfg = Release|Any CPU
		{F97482F1-B9D1-4AD7-D647-56AB37A52BF4}.Release|Any CPU.Build.0 = Release|Any CPU
	EndGlobalSection
	GlobalSection(SolutionProperties) = preSolution
		HideSolutionNode = FALSE
	EndGlobalSection
	GlobalSection(MonoDevelopProperties) = preSolution
		StartupItem = Assembly-CSharp.csproj
	EndGlobalSection
EndGlobal
